
Microsoft Visual Studio Solution File, Format Version 12.00
# Visual Studio 15
Project("{FAE04EC0-301F-11D3-BF4B-00C04F79EFBC}") = "Core", "Core\Core.csproj", "{A0F376D6-F8A8-49A4-9B7C-0217DD5CF457}"
EndProject
Project("{FAE04EC0-301F-11D3-BF4B-00C04F79EFBC}") = "CoreTest", "CoreTest\CoreTest.csproj", "{D4543581-FB5F-4A12-A6F5-25F114B7449A}"
EndProject
Global
	GlobalSection(SolutionConfigurationPlatforms) = preSolution
		Debug|Any CPU = Debug|Any CPU
		Release|Any CPU = Release|Any CPU
	EndGlobalSection
	GlobalSection(ProjectConfigurationPlatforms) = postSolution
		{A0F376D6-F8A8-49A4-9B7C-0217DD5CF457}.Debug|Any CPU.ActiveCfg = Debug|Any CPU
		{A0F376D6-F8A8-49A4-9B7C-0217DD5CF457}.Debug|Any CPU.Build.0 = Debug|Any CPU
		{A0F376D6-F8A8-49A4-9B7C-0217DD5CF457}.Release|Any CPU.ActiveCfg = Release|Any CPU
		{A0F376D6-F8A8-49A4-9B7C-0217DD5CF457}.Release|Any CPU.Build.0 = Release|Any CPU
		{D4543581-FB5F-4A12-A6F5-25F114B7449A}.Debug|Any CPU.ActiveCfg = Debug|Any CPU
		{D4543581-FB5F-4A12-A6F5-25F114B7449A}.Debug|Any CPU.Build.0 = Debug|Any CPU
		{D4543581-FB5F-4A12-A6F5-25F114B7449A}.Release|Any CPU.ActiveCfg = Release|Any CPU
		{D4543581-FB5F-4A12-A6F5-25F114B7449A}.Release|Any CPU.Build.0 = Release|Any CPU
	EndGlobalSection
EndGlobal
